
Microsoft Visual Studio Solution File, Format Version 12.00
# Visual Studio 15
VisualStudioVersion = 15.0.27703.2035
MinimumVisualStudioVersion = 10.0.40219.1
Project("{9A19103F-16F7-4668-BE54-9A1E7A4F7556}") = "OCTO.DAL", "OCTO.DAL\OCTO.DAL.csproj", "{48429A8E-4411-49BE-914E-0F7E9099A0B2}"
EndProject
Project("{9A19103F-16F7-4668-BE54-9A1E7A4F7556}") = "OCTO.Common", "OCTO.Common\OCTO.Common.csproj", "{69F2A990-C838-4314-A9E7-98ED3AC6452E}"
EndProject
Project("{9A19103F-16F7-4668-BE54-9A1E7A4F7556}") = "OCTO.BLL", "OCTO.BLL\OCTO.BLL.csproj", "{B0A35084-C72D-444B-870D-D70704F10CCE}"
	ProjectSection(ProjectDependencies) = postProject
		{48429A8E-4411-49BE-914E-0F7E9099A0B2} = {48429A8E-4411-49BE-914E-0F7E9099A0B2}
	EndProjectSection
EndProject
Project("{9A19103F-16F7-4668-BE54-9A1E7A4F7556}") = "OCTO.BLL.Interfaces", "OCTO.BLL.Interfaces\OCTO.BLL.Interfaces.csproj", "{E192EBFA-CF3C-48C8-AB16-76CB1CD5C5D5}"
EndProject
Project("{9A19103F-16F7-4668-BE54-9A1E7A4F7556}") = "OCTO.Admin", "OCTO.Admin\OCTO.Admin.csproj", "{F3449E77-42DB-4A41-B71D-284DCA2BA3BE}"
EndProject
Project("{9A19103F-16F7-4668-BE54-9A1E7A4F7556}") = "OCTO.BLL.Models", "OCTO.BLL.Models\OCTO.BLL.Models.csproj", "{6F533E15-DA65-426C-A069-35F4E681BE38}"
EndProject
Project("{2150E333-8FDC-42A3-9474-1A3956D46DE8}") = "BLL", "BLL", "{803DE96F-ED95-4EF4-BCA8-D709D7AC35AE}"
EndProject
Project("{2150E333-8FDC-42A3-9474-1A3956D46DE8}") = "DAL", "DAL", "{BDB6B920-3F8F-4C21-B6D5-DFE41867E453}"
EndProject
Project("{00D1A9C2-B5F0-4AF3-8072-F6C62B433612}") = "OCTO.DB", "OCTO.DB\OCTO.DB.sqlproj", "{AFCAD8FD-C715-432B-B897-C375C510C08D}"
EndProject
Project("{FAE04EC0-301F-11D3-BF4B-00C04F79EFBC}") = "OCTO.DAL.Tests", "OCTO.DAL.Tests\OCTO.DAL.Tests.csproj", "{7F6876B0-2926-43EF-AEF2-D4C15C2ED84A}"
EndProject
Global
	GlobalSection(SolutionConfigurationPlatforms) = preSolution
		Debug|Any CPU = Debug|Any CPU
		Release|Any CPU = Release|Any CPU
	EndGlobalSection
	GlobalSection(ProjectConfigurationPlatforms) = postSolution
		{48429A8E-4411-49BE-914E-0F7E9099A0B2}.Debug|Any CPU.ActiveCfg = Debug|Any CPU
		{48429A8E-4411-49BE-914E-0F7E9099A0B2}.Debug|Any CPU.Build.0 = Debug|Any CPU
		{48429A8E-4411-49BE-914E-0F7E9099A0B2}.Release|Any CPU.ActiveCfg = Release|Any CPU
		{48429A8E-4411-49BE-914E-0F7E9099A0B2}.Release|Any CPU.Build.0 = Release|Any CPU
		{69F2A990-C838-4314-A9E7-98ED3AC6452E}.Debug|Any CPU.ActiveCfg = Debug|Any CPU
		{69F2A990-C838-4314-A9E7-98ED3AC6452E}.Debug|Any CPU.Build.0 = Debug|Any CPU
		{69F2A990-C838-4314-A9E7-98ED3AC6452E}.Release|Any CPU.ActiveCfg = Release|Any CPU
		{69F2A990-C838-4314-A9E7-98ED3AC6452E}.Release|Any CPU.Build.0 = Release|Any CPU
		{B0A35084-C72D-444B-870D-D70704F10CCE}.Debug|Any CPU.ActiveCfg = Debug|Any CPU
		{B0A35084-C72D-444B-870D-D70704F10CCE}.Debug|Any CPU.Build.0 = Debug|Any CPU
		{B0A35084-C72D-444B-870D-D70704F10CCE}.Release|Any CPU.ActiveCfg = Release|Any CPU
		{B0A35084-C72D-444B-870D-D70704F10CCE}.Release|Any CPU.Build.0 = Release|Any CPU
		{E192EBFA-CF3C-48C8-AB16-76CB1CD5C5D5}.Debug|Any CPU.ActiveCfg = Debug|Any CPU
		{E192EBFA-CF3C-48C8-AB16-76CB1CD5C5D5}.Debug|Any CPU.Build.0 = Debug|Any CPU
		{E192EBFA-CF3C-48C8-AB16-76CB1CD5C5D5}.Release|Any CPU.ActiveCfg = Release|Any CPU
		{E192EBFA-CF3C-48C8-AB16-76CB1CD5C5D5}.Release|Any CPU.Build.0 = Release|Any CPU
		{F3449E77-42DB-4A41-B71D-284DCA2BA3BE}.Debug|Any CPU.ActiveCfg = Debug|Any CPU
		{F3449E77-42DB-4A41-B71D-284DCA2BA3BE}.Debug|Any CPU.Build.0 = Debug|Any CPU
		{F3449E77-42DB-4A41-B71D-284DCA2BA3BE}.Release|Any CPU.ActiveCfg = Release|Any CPU
		{F3449E77-42DB-4A41-B71D-284DCA2BA3BE}.Release|Any CPU.Build.0 = Release|Any CPU
		{6F533E15-DA65-426C-A069-35F4E681BE38}.Debug|Any CPU.ActiveCfg = Debug|Any CPU
		{6F533E15-DA65-426C-A069-35F4E681BE38}.Debug|Any CPU.Build.0 = Debug|Any CPU
		{6F533E15-DA65-426C-A069-35F4E681BE38}.Release|Any CPU.ActiveCfg = Release|Any CPU
		{6F533E15-DA65-426C-A069-35F4E681BE38}.Release|Any CPU.Build.0 = Release|Any CPU
		{AFCAD8FD-C715-432B-B897-C375C510C08D}.Debug|Any CPU.ActiveCfg = Debug|Any CPU
		{AFCAD8FD-C715-432B-B897-C375C510C08D}.Debug|Any CPU.Build.0 = Debug|Any CPU
		{AFCAD8FD-C715-432B-B897-C375C510C08D}.Debug|Any CPU.Deploy.0 = Debug|Any CPU
		{AFCAD8FD-C715-432B-B897-C375C510C08D}.Release|Any CPU.ActiveCfg = Release|Any CPU
		{AFCAD8FD-C715-432B-B897-C375C510C08D}.Release|Any CPU.Build.0 = Release|Any CPU
		{AFCAD8FD-C715-432B-B897-C375C510C08D}.Release|Any CPU.Deploy.0 = Release|Any CPU
		{7F6876B0-2926-43EF-AEF2-D4C15C2ED84A}.Debug|Any CPU.ActiveCfg = Debug|Any CPU
		{7F6876B0-2926-43EF-AEF2-D4C15C2ED84A}.Debug|Any CPU.Build.0 = Debug|Any CPU
		{7F6876B0-2926-43EF-AEF2-D4C15C2ED84A}.Release|Any CPU.ActiveCfg = Release|Any CPU
		{7F6876B0-2926-43EF-AEF2-D4C15C2ED84A}.Release|Any CPU.Build.0 = Release|Any CPU
	EndGlobalSection
	GlobalSection(SolutionProperties) = preSolution
		HideSolutionNode = FALSE
	EndGlobalSection
	GlobalSection(NestedProjects) = preSolution
		{48429A8E-4411-49BE-914E-0F7E9099A0B2} = {BDB6B920-3F8F-4C21-B6D5-DFE41867E453}
		{69F2A990-C838-4314-A9E7-98ED3AC6452E} = {803DE96F-ED95-4EF4-BCA8-D709D7AC35AE}
		{B0A35084-C72D-444B-870D-D70704F10CCE} = {803DE96F-ED95-4EF4-BCA8-D709D7AC35AE}
		{E192EBFA-CF3C-48C8-AB16-76CB1CD5C5D5} = {803DE96F-ED95-4EF4-BCA8-D709D7AC35AE}
		{6F533E15-DA65-426C-A069-35F4E681BE38} = {803DE96F-ED95-4EF4-BCA8-D709D7AC35AE}
		{AFCAD8FD-C715-432B-B897-C375C510C08D} = {BDB6B920-3F8F-4C21-B6D5-DFE41867E453}
		{7F6876B0-2926-43EF-AEF2-D4C15C2ED84A} = {BDB6B920-3F8F-4C21-B6D5-DFE41867E453}
	EndGlobalSection
	GlobalSection(ExtensibilityGlobals) = postSolution
		SolutionGuid = {994C3812-AA8A-4A59-86C5-DD20C8168E78}
	EndGlobalSection
EndGlobal
